
Microsoft Visual Studio Solution File, Format Version 12.00
# Visual Studio Version 16
VisualStudioVersion = 16.0.31129.286
MinimumVisualStudioVersion = 10.0.40219.1
Project("{FAE04EC0-301F-11D3-BF4B-00C04F79EFBC}") = "NumberNinjas2.0", "NumberNinjas2.0\NumberNinjas2.0.csproj", "{C80567ED-2670-4D95-9DA0-07FCE726D537}"
EndProject
Project("{FAE04EC0-301F-11D3-BF4B-00C04F79EFBC}") = "NumberNinjas2.0.Tests", "NumberNinjas2.0.Tests\NumberNinjas2.0.Tests.csproj", "{04FBB100-AA64-4D15-83C5-282888CC9954}"
EndProject
Global
	GlobalSection(SolutionConfigurationPlatforms) = preSolution
		Debug|Any CPU = Debug|Any CPU
		Release|Any CPU = Release|Any CPU
	EndGlobalSection
	GlobalSection(ProjectConfigurationPlatforms) = postSolution
		{C80567ED-2670-4D95-9DA0-07FCE726D537}.Debug|Any CPU.ActiveCfg = Debug|Any CPU
		{C80567ED-2670-4D95-9DA0-07FCE726D537}.Debug|Any CPU.Build.0 = Debug|Any CPU
		{C80567ED-2670-4D95-9DA0-07FCE726D537}.Release|Any CPU.ActiveCfg = Release|Any CPU
		{C80567ED-2670-4D95-9DA0-07FCE726D537}.Release|Any CPU.Build.0 = Release|Any CPU
		{04FBB100-AA64-4D15-83C5-282888CC9954}.Debug|Any CPU.ActiveCfg = Debug|Any CPU
		{04FBB100-AA64-4D15-83C5-282888CC9954}.Debug|Any CPU.Build.0 = Debug|Any CPU
		{04FBB100-AA64-4D15-83C5-282888CC9954}.Release|Any CPU.ActiveCfg = Release|Any CPU
		{04FBB100-AA64-4D15-83C5-282888CC9954}.Release|Any CPU.Build.0 = Release|Any CPU
	EndGlobalSection
	GlobalSection(SolutionProperties) = preSolution
		HideSolutionNode = FALSE
	EndGlobalSection
	GlobalSection(ExtensibilityGlobals) = postSolution
		SolutionGuid = {6E267C57-2986-40AE-A7E5-9C28443DDEDD}
	EndGlobalSection
EndGlobal
